{
  "name": "实训",
  "lockfileVersion": 2,
  "requires": true,
  "packages": {
    "": {
      "dependencies": {
        "underscore": "^1.13.1"
      }
    },
    "node_modules/underscore": {
      "version": "1.13.1",
      "resolved": "http://mirrors.tencent.com/npm/underscore/-/underscore-1.13.1.tgz",
      "integrity": "sha512-hzSoAVtJF+3ZtiFX0VgfFPHEDRm7Y/QPjGyNo4TVdnDTdft3tr8hEkD25a1jC+TjTuE7tkHGKkhwCgs9dgBB2g==",
      "license": "MIT"
    }
  },
  "dependencies": {
    "underscore": {
      "version": "1.13.1",
      "resolved": "http://mirrors.tencent.com/npm/underscore/-/underscore-1.13.1.tgz",
      "integrity": "sha512-hzSoAVtJF+3ZtiFX0VgfFPHEDRm7Y/QPjGyNo4TVdnDTdft3tr8hEkD25a1jC+TjTuE7tkHGKkhwCgs9dgBB2g=="
    }
  }
}
